// !$*UTF8*$!
{
	archiveVersion = 1;
	classes = {
	};
	objectVersion = 77;
	objects = {

/* Begin PBXBuildFile section */
		D7DD06A42F93A2F2005D04C2 /* libMetal2D.a in Frameworks */ = {isa = PBXBuildFile; fileRef = D7DD06A32F93A2F2005D04C2 /* libMetal2D.a */; };
		D7DD06AF2F93A667005D04C2 /* MetalKit.framework in Frameworks */ = {isa = PBXBuildFile; fileRef = D7DD06AE2F93A667005D04C2 /* MetalKit.framework */; };
/* End PBXBuildFile section */

/* Begin PBXContainerItemProxy section */
		D7DD067D2F93A121005D04C2 /* PBXContainerItemProxy */ = {
			isa = PBXContainerItemProxy;
			containerPortal = D7DD065E2F93A11F005D04C2 /* Project object */;
			proxyType = 1;
			remoteGlobalIDString = D7DD06652F93A11F005D04C2;
			remoteInfo = RetroGames;
		};
		D7DD06872F93A121005D04C2 /* PBXContainerItemProxy */ = {
			isa = PBXContainerItemProxy;
			containerPortal = D7DD065E2F93A11F005D04C2 /* Project object */;
			proxyType = 1;
			remoteGlobalIDString = D7DD06652F93A11F005D04C2;
			remoteInfo = RetroGames;
		};
/* End PBXContainerItemProxy section */

/* Begin PBXFileReference section */
		D7DD06662F93A11F005D04C2 /* RetroGames.app */ = {isa = PBXFileReference; explicitFileType = wrapper.application; includeInIndex = 0; path = RetroGames.app; sourceTree = BUILT_PRODUCTS_DIR; };
		D7DD067C2F93A121005D04C2 /* RetroGamesTests.xctest */ = {isa = PBXFileReference; explicitFileType = wrapper.cfbundle; includeInIndex = 0; path = RetroGamesTests.xctest; sourceTree = BUILT_PRODUCTS_DIR; };
		D7DD06862F93A121005D04C2 /* RetroGamesUITests.xctest */ = {isa = PBXFileReference; explicitFileType = wrapper.cfbundle; includeInIndex = 0; path = RetroGamesUITests.xctest; sourceTree = BUILT_PRODUCTS_DIR; };
		D7DD06A32F93A2F2005D04C2 /* libMetal2D.a */ = {isa = PBXFileReference; lastKnownFileType = archive.ar; name = libMetal2D.a; path = lib/libMetal2D.a; sourceTree = "<group>"; };
		D7DD06AE2F93A667005D04C2 /* MetalKit.framework */ = {isa = PBXFileReference; lastKnownFileType = wrapper.framework; name = MetalKit.framework; path = System/Library/Frameworks/MetalKit.framework; sourceTree = SDKROOT; };
/* End PBXFileReference section */

/* Begin PBXFileSystemSynchronizedBuildFileExceptionSet section */
		D7DD068E2F93A121005D04C2 /* Exceptions for "RetroGames" folder in "RetroGames" target */ = {
			isa = PBXFileSystemSynchronizedBuildFileExceptionSet;
			membershipExceptions = (
				Info.plist,
			);
			target = D7DD06652F93A11F005D04C2 /* RetroGames */;
		};
/* End PBXFileSystemSynchronizedBuildFileExceptionSet section */

/* Begin PBXFileSystemSynchronizedRootGroup section */
		D7DD06682F93A11F005D04C2 /* RetroGames */ = {
			isa = PBXFileSystemSynchronizedRootGroup;
			exceptions = (
				D7DD068E2F93A121005D04C2 /* Exceptions for "RetroGames" folder in "RetroGames" target */,
			);
			path = RetroGames;
			sourceTree = "<group>";
		};
		D7DD067F2F93A121005D04C2 /* RetroGamesTests */ = {
			isa = PBXFileSystemSynchronizedRootGroup;
			path = RetroGamesTests;
			sourceTree = "<group>";
		};
		D7DD06892F93A121005D04C2 /* RetroGamesUITests */ = {
			isa = PBXFileSystemSynchronizedRootGroup;
			path = RetroGamesUITests;
			sourceTree = "<group>";
		};
/* End PBXFileSystemSynchronizedRootGroup section */

/* Begin PBXFrameworksBuildPhase section */
		D7DD06632F93A11F005D04C2 /* Frameworks */ = {
			isa = PBXFrameworksBuildPhase;
			buildActionMask = 2147483647;
			files = (
				D7DD06AF2F93A667005D04C2 /* MetalKit.framework in Frameworks */,
				D7DD06A42F93A2F2005D04C2 /* libMetal2D.a in Frameworks */,
			);
			runOnlyForDeploymentPostprocessing = 0;
		};
		D7DD06792F93A121005D04C2 /* Frameworks */ = {
			isa = PBXFrameworksBuildPhase;
			buildActionMask = 2147483647;
			files = (
			);
			runOnlyForDeploymentPostprocessing = 0;
		};
		D7DD06832F93A121005D04C2 /* Frameworks */ = {
			isa = PBXFrameworksBuildPhase;
			buildActionMask = 2147483647;
			files = (
			);
			runOnlyForDeploymentPostprocessing = 0;
		};
/* End PBXFrameworksBuildPhase section */

/* Begin PBXGroup section */
		D7DD065D2F93A11F005D04C2 = {
			isa = PBXGroup;
			children = (
				D7DD06682F93A11F005D04C2 /* RetroGames */,
				D7DD067F2F93A121005D04C2 /* RetroGamesTests */,
				D7DD06892F93A121005D04C2 /* RetroGamesUITests */,
				D7DD06A22F93A2F2005D04C2 /* Frameworks */,
				D7DD06672F93A11F005D04C2 /* Products */,
			);
			sourceTree = "<group>";
		};
		D7DD06672F93A11F005D04C2 /* Products */ = {
			isa = PBXGroup;
			children = (
				D7DD06662F93A11F005D04C2 /* RetroGames.app */,
				D7DD067C2F93A121005D04C2 /* RetroGamesTests.xctest */,
				D7DD06862F93A121005D04C2 /* RetroGamesUITests.xctest */,
			);
			name = Products;
			sourceTree = "<group>";
		};
		D7DD06A22F93A2F2005D04C2 /* Frameworks */ = {
			isa = PBXGroup;
			children = (
				D7DD06AE2F93A667005D04C2 /* MetalKit.framework */,
				D7DD06A32F93A2F2005D04C2 /* libMetal2D.a */,
			);
			name = Frameworks;
			sourceTree = "<group>";
		};
/* End PBXGroup section */

/* Begin PBXNativeTarget section */
		D7DD06652F93A11F005D04C2 /* RetroGames */ = {
			isa = PBXNativeTarget;
			buildConfigurationList = D7DD068F2F93A121005D04C2 /* Build configuration list for PBXNativeTarget "RetroGames" */;
			buildPhases = (
				D7DD06622F93A11F005D04C2 /* Sources */,
				D7DD06632F93A11F005D04C2 /* Frameworks */,
				D7DD06642F93A11F005D04C2 /* Resources */,
			);
			buildRules = (
			);
			dependencies = (
			);
			fileSystemSynchronizedGroups = (
				D7DD06682F93A11F005D04C2 /* RetroGames */,
			);
			name = RetroGames;
			packageProductDependencies = (
			);
			productName = RetroGames;
			productReference = D7DD06662F93A11F005D04C2 /* RetroGames.app */;
			productType = "com.apple.product-type.application";
		};
		D7DD067B2F93A121005D04C2 /* RetroGamesTests */ = {
			isa = PBXNativeTarget;
			buildConfigurationList = D7DD06942F93A121005D04C2 /* Build configuration list for PBXNativeTarget "RetroGamesTests" */;
			buildPhases = (
				D7DD06782F93A121005D04C2 /* Sources */,
				D7DD06792F93A121005D04C2 /* Frameworks */,
				D7DD067A2F93A121005D04C2 /* Resources */,
			);
			buildRules = (
			);
			dependencies = (
				D7DD067E2F93A121005D04C2 /* PBXTargetDependency */,
			);
			fileSystemSynchronizedGroups = (
				D7DD067F2F93A121005D04C2 /* RetroGamesTests */,
			);
			name = RetroGamesTests;
			packageProductDependencies = (
			);
			productName = RetroGamesTests;
			productReference = D7DD067C2F93A121005D04C2 /* RetroGamesTests.xctest */;
			productType = "com.apple.product-type.bundle.unit-test";
		};
		D7DD06852F93A121005D04C2 /* RetroGamesUITests */ = {
			isa = PBXNativeTarget;
			buildConfigurationList = D7DD06972F93A121005D04C2 /* Build configuration list for PBXNativeTarget "RetroGamesUITests" */;
			buildPhases = (
				D7DD06822F93A121005D04C2 /* Sources */,
				D7DD06832F93A121005D04C2 /* Frameworks */,
				D7DD06842F93A121005D04C2 /* Resources */,
			);
			buildRules = (
			);
			dependencies = (
				D7DD06882F93A121005D04C2 /* PBXTargetDependency */,
			);
			fileSystemSynchronizedGroups = (
				D7DD06892F93A121005D04C2 /* RetroGamesUITests */,
			);
			name = RetroGamesUITests;
			packageProductDependencies = (
			);
			productName = RetroGamesUITests;
			productReference = D7DD06862F93A121005D04C2 /* RetroGamesUITests.xctest */;
			productType = "com.apple.product-type.bundle.ui-testing";
		};
/* End PBXNativeTarget section */

/* Begin PBXProject section */
		D7DD065E2F93A11F005D04C2 /* Project object */ = {
			isa = PBXProject;
			attributes = {
				BuildIndependentTargetsInParallel = 1;
				LastSwiftUpdateCheck = 2630;
				LastUpgradeCheck = 2630;
				TargetAttributes = {
					D7DD06652F93A11F005D04C2 = {
						CreatedOnToolsVersion = 26.3;
						LastSwiftMigration = 2630;
					};
					D7DD067B2F93A121005D04C2 = {
						CreatedOnToolsVersion = 26.3;
						TestTargetID = D7DD06652F93A11F005D04C2;
					};
					D7DD06852F93A121005D04C2 = {
						CreatedOnToolsVersion = 26.3;
						TestTargetID = D7DD06652F93A11F005D04C2;
					};
				};
			};
			buildConfigurationList = D7DD06612F93A11F005D04C2 /* Build configuration list for PBXProject "RetroGames" */;
			developmentRegion = en;
			hasScannedForEncodings = 0;
			knownRegions = (
				en,
				Base,
			);
			mainGroup = D7DD065D2F93A11F005D04C2;
			minimizedProjectReferenceProxies = 1;
			preferredProjectObjectVersion = 77;
			productRefGroup = D7DD06672F93A11F005D04C2 /* Products */;
			projectDirPath = "";
			projectRoot = "";
			targets = (
				D7DD06652F93A11F005D04C2 /* RetroGames */,
				D7DD067B2F93A121005D04C2 /* RetroGamesTests */,
				D7DD06852F93A121005D04C2 /* RetroGamesUITests */,
			);
		};
/* End PBXProject section */

/* Begin PBXResourcesBuildPhase section */
		D7DD06642F93A11F005D04C2 /* Resources */ = {
			isa = PBXResourcesBuildPhase;
			buildActionMask = 2147483647;
			files = (
			);
			runOnlyForDeploymentPostprocessing = 0;
		};
		D7DD067A2F93A121005D04C2 /* Resources */ = {
			isa = PBXResourcesBuildPhase;
			buildActionMask = 2147483647;
			files = (
			);
			runOnlyForDeploymentPostprocessing = 0;
		};
		D7DD06842F93A121005D04C2 /* Resources */ = {
			isa = PBXResourcesBuildPhase;
			buildActionMask = 2147483647;
			files = (
			);
			runOnlyForDeploymentPostprocessing = 0;
		};
/* End PBXResourcesBuildPhase section */

/* Begin PBXSourcesBuildPhase section */
		D7DD06622F93A11F005D04C2 /* Sources */ = {
			isa = PBXSourcesBuildPhase;
			buildActionMask = 2147483647;
			files = (
			);
			runOnlyForDeploymentPostprocessing = 0;
		};
		D7DD06782F93A121005D04C2 /* Sources */ = {
			isa = PBXSourcesBuildPhase;
			buildActionMask = 2147483647;
			files = (
			);
			runOnlyForDeploymentPostprocessing = 0;
		};
		D7DD06822F93A121005D04C2 /* Sources */ = {
			isa = PBXSourcesBuildPhase;
			buildActionMask = 2147483647;
			files = (
			);
			runOnlyForDeploymentPostprocessing = 0;
		};
/* End PBXSourcesBuildPhase section */

/* Begin PBXTargetDependency section */
		D7DD067E2F93A121005D04C2 /* PBXTargetDependency */ = {
			isa = PBXTargetDependency;
			target = D7DD06652F93A11F005D04C2 /* RetroGames */;
			targetProxy = D7DD067D2F93A121005D04C2 /* PBXContainerItemProxy */;
		};
		D7DD06882F93A121005D04C2 /* PBXTargetDependency */ = {
			isa = PBXTargetDependency;
			target = D7DD06652F93A11F005D04C2 /* RetroGames */;
			targetProxy = D7DD06872F93A121005D04C2 /* PBXContainerItemProxy */;
		};
/* End PBXTargetDependency section */

/* Begin XCBuildConfiguration section */
		D7DD06902F93A121005D04C2 /* Debug */ = {
			isa = XCBuildConfiguration;
			buildSettings = {
				ASSETCATALOG_COMPILER_APPICON_NAME = AppIcon;
				ASSETCATALOG_COMPILER_GLOBAL_ACCENT_COLOR_NAME = AccentColor;
				CLANG_ENABLE_MODULES = YES;
				CODE_SIGN_STYLE = Manual;
				CURRENT_PROJECT_VERSION = 1;
				DEVELOPMENT_TEAM = "";
				GENERATE_INFOPLIST_FILE = YES;
				INFOPLIST_FILE = RetroGames/Info.plist;
				INFOPLIST_KEY_UIApplicationSupportsIndirectInputEvents = YES;
				INFOPLIST_KEY_UILaunchStoryboardName = LaunchScreen;
				INFOPLIST_KEY_UIMainStoryboardFile = Main;
				INFOPLIST_KEY_UISupportedInterfaceOrientations_iPad = "UIInterfaceOrientationPortrait UIInterfaceOrientationPortraitUpsideDown UIInterfaceOrientationLandscapeLeft UIInterfaceOrientationLandscapeRight";
				INFOPLIST_KEY_UISupportedInterfaceOrientations_iPhone = "UIInterfaceOrientationPortrait UIInterfaceOrientationLandscapeLeft UIInterfaceOrientationLandscapeRight";
				IPHONEOS_DEPLOYMENT_TARGET = 18.6;
				LD_RUNPATH_SEARCH_PATHS = (
					"$(inherited)",
					"@executable_path/Frameworks",
				);
				LIBRARY_SEARCH_PATHS = (
					"$(inherited)",
					"$(PROJECT_DIR)/lib",
				);
				MARKETING_VERSION = 1.0;
				PRODUCT_BUNDLE_IDENTIFIER = com.kramden.RetroGames;
				PRODUCT_NAME = "$(TARGET_NAME)";
				PROVISIONING_PROFILE_SPECIFIER = "";
				STRING_CATALOG_GENERATE_SYMBOLS = YES;
				SWIFT_APPROACHABLE_CONCURRENCY = YES;
				SWIFT_DEFAULT_ACTOR_ISOLATION = MainActor;
				SWIFT_EMIT_LOC_STRINGS = YES;
				SWIFT_INCLUDE_PATHS = "$(PROJECT_DIR)/lib/**";
				SWIFT_OPTIMIZATION_LEVEL = "-Onone";
				SWIFT_UPCOMING_FEATURE_MEMBER_IMPORT_VISIBILITY = YES;
				SWIFT_VERSION = 5.0;
				TARGETED_DEVICE_FAMILY = "1,2";
			};
			name = Debug;
		};
		D7DD06912F93A121005D04C2 /* Release */ = {
			isa = XCBuildConfiguration;
			buildSettings = {
				ASSETCATALOG_COMPILER_APPICON_NAME = AppIcon;
				ASSETCATALOG_COMPILER_GLOBAL_ACCENT_COLOR_NAME = AccentColor;
				CLANG_ENABLE_MODULES = YES;
				CODE_SIGN_STYLE = Manual;
				CURRENT_PROJECT_VERSION = 1;
				DEVELOPMENT_TEAM = "";
				GENERATE_INFOPLIST_FILE = YES;
				INFOPLIST_FILE = RetroGames/Info.plist;
				INFOPLIST_KEY_UIApplicationSupportsIndirectInputEvents = YES;
				INFOPLIST_KEY_UILaunchStoryboardName = LaunchScreen;
				INFOPLIST_KEY_UIMainStoryboardFile = Main;
				INFOPLIST_KEY_UISupportedInterfaceOrientations_iPad = "UIInterfaceOrientationPortrait UIInterfaceOrientationPortraitUpsideDown UIInterfaceOrientationLandscapeLeft UIInterfaceOrientationLandscapeRight";
				INFOPLIST_KEY_UISupportedInterfaceOrientations_iPhone = "UIInterfaceOrientationPortrait UIInterfaceOrientationLandscapeLeft UIInterfaceOrientationLandscapeRight";
				IPHONEOS_DEPLOYMENT_TARGET = 18.6;
				LD_RUNPATH_SEARCH_PATHS = (
					"$(inherited)",
					"@executable_path/Frameworks",
				);
				LIBRARY_SEARCH_PATHS = (
					"$(inherited)",
					"$(PROJECT_DIR)/lib",
				);
				MARKETING_VERSION = 1.0;
				PRODUCT_BUNDLE_IDENTIFIER = com.kramden.RetroGames;
				PRODUCT_NAME = "$(TARGET_NAME)";
				PROVISIONING_PROFILE_SPECIFIER = "";
				STRING_CATALOG_GENERATE_SYMBOLS = YES;
				SWIFT_APPROACHABLE_CONCURRENCY = YES;
				SWIFT_DEFAULT_ACTOR_ISOLATION = MainActor;
				SWIFT_EMIT_LOC_STRINGS = YES;
				SWIFT_INCLUDE_PATHS = "$(PROJECT_DIR)/lib/**";
				SWIFT_UPCOMING_FEATURE_MEMBER_IMPORT_VISIBILITY = YES;
				SWIFT_VERSION = 5.0;
				TARGETED_DEVICE_FAMILY = "1,2";
			};
			name = Release;
		};
		D7DD06922F93A121005D04C2 /* Debug */ = {
			isa = XCBuildConfiguration;
			buildSettings = {
				ALWAYS_SEARCH_USER_PATHS = NO;
				ASSETCATALOG_COMPILER_GENERATE_SWIFT_ASSET_SYMBOL_EXTENSIONS = YES;
				CLANG_ANALYZER_NONNULL = YES;
				CLANG_ANALYZER_NUMBER_OBJECT_CONVERSION = YES_AGGRESSIVE;
				CLANG_CXX_LANGUAGE_STANDARD = "gnu++20";
				CLANG_ENABLE_MODULES = YES;
				CLANG_ENABLE_OBJC_ARC = YES;
				CLANG_ENABLE_OBJC_WEAK = YES;
				CLANG_WARN_BLOCK_CAPTURE_AUTORELEASING = YES;
				CLANG_WARN_BOOL_CONVERSION = YES;
				CLANG_WARN_COMMA = YES;
				CLANG_WARN_CONSTANT_CONVERSION = YES;
				CLANG_WARN_DEPRECATED_OBJC_IMPLEMENTATIONS = YES;
				CLANG_WARN_DIRECT_OBJC_ISA_USAGE = YES_ERROR;
				CLANG_WARN_DOCUMENTATION_COMMENTS = YES;
				CLANG_WARN_EMPTY_BODY = YES;
				CLANG_WARN_ENUM_CONVERSION = YES;
				CLANG_WARN_INFINITE_RECURSION = YES;
				CLANG_WARN_INT_CONVERSION = YES;
				CLANG_WARN_NON_LITERAL_NULL_CONVERSION = YES;
				CLANG_WARN_OBJC_IMPLICIT_RETAIN_SELF = YES;
				CLANG_WARN_OBJC_LITERAL_CONVERSION = YES;
				CLANG_WARN_OBJC_ROOT_CLASS = YES_ERROR;
				CLANG_WARN_QUOTED_INCLUDE_IN_FRAMEWORK_HEADER = YES;
				CLANG_WARN_RANGE_LOOP_ANALYSIS = YES;
				CLANG_WARN_STRICT_PROTOTYPES = YES;
				CLANG_WARN_SUSPICIOUS_MOVE = YES;
				CLANG_WARN_UNGUARDED_AVAILABILITY = YES_AGGRESSIVE;
				CLANG_WARN_UNREACHABLE_CODE = YES;
				CLANG_WARN__DUPLICATE_METHOD_MATCH = YES;
				COPY_PHASE_STRIP = NO;
				DEBUG_INFORMATION_FORMAT = dwarf;
				DEVELOPMENT_TEAM = 77ZJSPSFES;
				ENABLE_STRICT_OBJC_MSGSEND = YES;
				ENABLE_TESTABILITY = YES;
				ENABLE_USER_SCRIPT_SANDBOXING = YES;
				GCC_C_LANGUAGE_STANDARD = gnu17;
				GCC_DYNAMIC_NO_PIC = NO;
				GCC_NO_COMMON_BLOCKS = YES;
				GCC_OPTIMIZATION_LEVEL = 0;
				GCC_PREPROCESSOR_DEFINITIONS = (
					"DEBUG=1",
					"$(inherited)",
				);
				GCC_WARN_64_TO_32_BIT_CONVERSION = YES;
				GCC_WARN_ABOUT_RETURN_TYPE = YES_ERROR;
				GCC_WARN_UNDECLARED_SELECTOR = YES;
				GCC_WARN_UNINITIALIZED_AUTOS = YES_AGGRESSIVE;
				GCC_WARN_UNUSED_FUNCTION = YES;
				GCC_WARN_UNUSED_VARIABLE = YES;
				HEADER_SEARCH_PATHS = "$(PROJECT_DIR)/include";
				IPHONEOS_DEPLOYMENT_TARGET = 26.2;
				LIBRARY_SEARCH_PATHS = "$(PROJECT_DIR)/lib/**";
				LOCALIZATION_PREFERS_STRING_CATALOGS = YES;
				MTL_ENABLE_DEBUG_INFO = INCLUDE_SOURCE;
				MTL_FAST_MATH = YES;
				ONLY_ACTIVE_ARCH = YES;
				SDKROOT = iphoneos;
				SWIFT_ACTIVE_COMPILATION_CONDITIONS = "DEBUG $(inherited)";
				SWIFT_OPTIMIZATION_LEVEL = "-Onone";
			};
			name = Debug;
		};
		D7DD06932F93A121005D04C2 /* Release */ = {
			isa = XCBuildConfiguration;
			buildSettings = {
				ALWAYS_SEARCH_USER_PATHS = NO;
				ASSETCATALOG_COMPILER_GENERATE_SWIFT_ASSET_SYMBOL_EXTENSIONS = YES;
				CLANG_ANALYZER_NONNULL = YES;
				CLANG_ANALYZER_NUMBER_OBJECT_CONVERSION = YES_AGGRESSIVE;
				CLANG_CXX_LANGUAGE_STANDARD = "gnu++20";
				CLANG_ENABLE_MODULES = YES;
				CLANG_ENABLE_OBJC_ARC = YES;
				CLANG_ENABLE_OBJC_WEAK = YES;
				CLANG_WARN_BLOCK_CAPTURE_AUTORELEASING = YES;
				CLANG_WARN_BOOL_CONVERSION = YES;
				CLANG_WARN_COMMA = YES;
				CLANG_WARN_CONSTANT_CONVERSION = YES;
				CLANG_WARN_DEPRECATED_OBJC_IMPLEMENTATIONS = YES;
				CLANG_WARN_DIRECT_OBJC_ISA_USAGE = YES_ERROR;
				CLANG_WARN_DOCUMENTATION_COMMENTS = YES;
				CLANG_WARN_EMPTY_BODY = YES;
				CLANG_WARN_ENUM_CONVERSION = YES;
				CLANG_WARN_INFINITE_RECURSION = YES;
				CLANG_WARN_INT_CONVERSION = YES;
				CLANG_WARN_NON_LITERAL_NULL_CONVERSION = YES;
				CLANG_WARN_OBJC_IMPLICIT_RETAIN_SELF = YES;
				CLANG_WARN_OBJC_LITERAL_CONVERSION = YES;
				CLANG_WARN_OBJC_ROOT_CLASS = YES_ERROR;
				CLANG_WARN_QUOTED_INCLUDE_IN_FRAMEWORK_HEADER = YES;
				CLANG_WARN_RANGE_LOOP_ANALYSIS = YES;
				CLANG_WARN_STRICT_PROTOTYPES = YES;
				CLANG_WARN_SUSPICIOUS_MOVE = YES;
				CLANG_WARN_UNGUARDED_AVAILABILITY = YES_AGGRESSIVE;
				CLANG_WARN_UNREACHABLE_CODE = YES;
				CLANG_WARN__DUPLICATE_METHOD_MATCH = YES;
				COPY_PHASE_STRIP = NO;
				DEBUG_INFORMATION_FORMAT = "dwarf-with-dsym";
				DEVELOPMENT_TEAM = 77ZJSPSFES;
				ENABLE_NS_ASSERTIONS = NO;
				ENABLE_STRICT_OBJC_MSGSEND = YES;
				ENABLE_USER_SCRIPT_SANDBOXING = YES;
				GCC_C_LANGUAGE_STANDARD = gnu17;
				GCC_NO_COMMON_BLOCKS = YES;
				GCC_WARN_64_TO_32_BIT_CONVERSION = YES;
				GCC_WARN_ABOUT_RETURN_TYPE = YES_ERROR;
				GCC_WARN_UNDECLARED_SELECTOR = YES;
				GCC_WARN_UNINITIALIZED_AUTOS = YES_AGGRESSIVE;
				GCC_WARN_UNUSED_FUNCTION = YES;
				GCC_WARN_UNUSED_VARIABLE = YES;
				HEADER_SEARCH_PATHS = "$(PROJECT_DIR)/include";
				IPHONEOS_DEPLOYMENT_TARGET = 26.2;
				LIBRARY_SEARCH_PATHS = "$(PROJECT_DIR)/lib/**";
				LOCALIZATION_PREFERS_STRING_CATALOGS = YES;
				MTL_ENABLE_DEBUG_INFO = NO;
				MTL_FAST_MATH = YES;
				SDKROOT = iphoneos;
				SWIFT_COMPILATION_MODE = wholemodule;
				VALIDATE_PRODUCT = YES;
			};
			name = Release;
		};
		D7DD06952F93A121005D04C2 /* Debug */ = {
			isa = XCBuildConfiguration;
			buildSettings = {
				BUNDLE_LOADER = "$(TEST_HOST)";
				CODE_SIGN_STYLE = Automatic;
				CURRENT_PROJECT_VERSION = 1;
				DEVELOPMENT_TEAM = 77ZJSPSFES;
				GENERATE_INFOPLIST_FILE = YES;
				IPHONEOS_DEPLOYMENT_TARGET = 26.2;
				MARKETING_VERSION = 1.0;
				PRODUCT_BUNDLE_IDENTIFIER = com.kramden.RetroGamesTests;
				PRODUCT_NAME = "$(TARGET_NAME)";
				STRING_CATALOG_GENERATE_SYMBOLS = NO;
				SWIFT_APPROACHABLE_CONCURRENCY = YES;
				SWIFT_EMIT_LOC_STRINGS = NO;
				SWIFT_UPCOMING_FEATURE_MEMBER_IMPORT_VISIBILITY = YES;
				SWIFT_VERSION = 5.0;
				TARGETED_DEVICE_FAMILY = "1,2";
				TEST_HOST = "$(BUILT_PRODUCTS_DIR)/RetroGames.app/$(BUNDLE_EXECUTABLE_FOLDER_PATH)/RetroGames";
			};
			name = Debug;
		};
		D7DD06962F93A121005D04C2 /* Release */ = {
			isa = XCBuildConfiguration;
			buildSettings = {
				BUNDLE_LOADER = "$(TEST_HOST)";
				CODE_SIGN_STYLE = Automatic;
				CURRENT_PROJECT_VERSION = 1;
				DEVELOPMENT_TEAM = 77ZJSPSFES;
				GENERATE_INFOPLIST_FILE = YES;
				IPHONEOS_DEPLOYMENT_TARGET = 26.2;
				MARKETING_VERSION = 1.0;
				PRODUCT_BUNDLE_IDENTIFIER = com.kramden.RetroGamesTests;
				PRODUCT_NAME = "$(TARGET_NAME)";
				STRING_CATALOG_GENERATE_SYMBOLS = NO;
				SWIFT_APPROACHABLE_CONCURRENCY = YES;
				SWIFT_EMIT_LOC_STRINGS = NO;
				SWIFT_UPCOMING_FEATURE_MEMBER_IMPORT_VISIBILITY = YES;
				SWIFT_VERSION = 5.0;
				TARGETED_DEVICE_FAMILY = "1,2";
				TEST_HOST = "$(BUILT_PRODUCTS_DIR)/RetroGames.app/$(BUNDLE_EXECUTABLE_FOLDER_PATH)/RetroGames";
			};
			name = Release;
		};
		D7DD06982F93A121005D04C2 /* Debug */ = {
			isa = XCBuildConfiguration;
			buildSettings = {
				CODE_SIGN_STYLE = Automatic;
				CURRENT_PROJECT_VERSION = 1;
				DEVELOPMENT_TEAM = 77ZJSPSFES;
				GENERATE_INFOPLIST_FILE = YES;
				MARKETING_VERSION = 1.0;
				PRODUCT_BUNDLE_IDENTIFIER = com.kramden.RetroGamesUITests;
				PRODUCT_NAME = "$(TARGET_NAME)";
				STRING_CATALOG_GENERATE_SYMBOLS = NO;
				SWIFT_APPROACHABLE_CONCURRENCY = YES;
				SWIFT_EMIT_LOC_STRINGS = NO;
				SWIFT_UPCOMING_FEATURE_MEMBER_IMPORT_VISIBILITY = YES;
				SWIFT_VERSION = 5.0;
				TARGETED_DEVICE_FAMILY = "1,2";
				TEST_TARGET_NAME = RetroGames;
			};
			name = Debug;
		};
		D7DD06992F93A121005D04C2 /* Release */ = {
			isa = XCBuildConfiguration;
			buildSettings = {
				CODE_SIGN_STYLE = Automatic;
				CURRENT_PROJECT_VERSION = 1;
				DEVELOPMENT_TEAM = 77ZJSPSFES;
				GENERATE_INFOPLIST_FILE = YES;
				MARKETING_VERSION = 1.0;
				PRODUCT_BUNDLE_IDENTIFIER = com.kramden.RetroGamesUITests;
				PRODUCT_NAME = "$(TARGET_NAME)";
				STRING_CATALOG_GENERATE_SYMBOLS = NO;
				SWIFT_APPROACHABLE_CONCURRENCY = YES;
				SWIFT_EMIT_LOC_STRINGS = NO;
				SWIFT_UPCOMING_FEATURE_MEMBER_IMPORT_VISIBILITY = YES;
				SWIFT_VERSION = 5.0;
				TARGETED_DEVICE_FAMILY = "1,2";
				TEST_TARGET_NAME = RetroGames;
			};
			name = Release;
		};
/* End XCBuildConfiguration section */

/* Begin XCConfigurationList section */
		D7DD06612F93A11F005D04C2 /* Build configuration list for PBXProject "RetroGames" */ = {
			isa = XCConfigurationList;
			buildConfigurations = (
				D7DD06922F93A121005D04C2 /* Debug */,
				D7DD06932F93A121005D04C2 /* Release */,
			);
			defaultConfigurationIsVisible = 0;
			defaultConfigurationName = Release;
		};
		D7DD068F2F93A121005D04C2 /* Build configuration list for PBXNativeTarget "RetroGames" */ = {
			isa = XCConfigurationList;
			buildConfigurations = (
				D7DD06902F93A121005D04C2 /* Debug */,
				D7DD06912F93A121005D04C2 /* Release */,
			);
			defaultConfigurationIsVisible = 0;
			defaultConfigurationName = Release;
		};
		D7DD06942F93A121005D04C2 /* Build configuration list for PBXNativeTarget "RetroGamesTests" */ = {
			isa = XCConfigurationList;
			buildConfigurations = (
				D7DD06952F93A121005D04C2 /* Debug */,
				D7DD06962F93A121005D04C2 /* Release */,
			);
			defaultConfigurationIsVisible = 0;
			defaultConfigurationName = Release;
		};
		D7DD06972F93A121005D04C2 /* Build configuration list for PBXNativeTarget "RetroGamesUITests" */ = {
			isa = XCConfigurationList;
			buildConfigurations = (
				D7DD06982F93A121005D04C2 /* Debug */,
				D7DD06992F93A121005D04C2 /* Release */,
			);
			defaultConfigurationIsVisible = 0;
			defaultConfigurationName = Release;
		};
/* End XCConfigurationList section */
	};
	rootObject = D7DD065E2F93A11F005D04C2 /* Project object */;
}
